
Microsoft Visual Studio Solution File, Format Version 12.00
# Visual Studio Version 17
VisualStudioVersion = 17.11.35312.102
MinimumVisualStudioVersion = 10.0.40219.1
Project("{FAE04EC0-301F-11D3-BF4B-00C04F79EFBC}") = "ShopApi2024", "ShopApi2024\ShopApi2024.csproj", "{98154C47-D05B-47F3-8FB2-BABB4925001F}"
EndProject
Global
	GlobalSection(SolutionConfigurationPlatforms) = preSolution
		Debug|Any CPU = Debug|Any CPU
		Release|Any CPU = Release|Any CPU
	EndGlobalSection
	GlobalSection(ProjectConfigurationPlatforms) = postSolution
		{98154C47-D05B-47F3-8FB2-BABB4925001F}.Debug|Any CPU.ActiveCfg = Debug|Any CPU
		{98154C47-D05B-47F3-8FB2-BABB4925001F}.Debug|Any CPU.Build.0 = Debug|Any CPU
		{98154C47-D05B-47F3-8FB2-BABB4925001F}.Release|Any CPU.ActiveCfg = Release|Any CPU
		{98154C47-D05B-47F3-8FB2-BABB4925001F}.Release|Any CPU.Build.0 = Release|Any CPU
	EndGlobalSection
	GlobalSection(SolutionProperties) = preSolution
		HideSolutionNode = FALSE
	EndGlobalSection
	GlobalSection(ExtensibilityGlobals) = postSolution
		SolutionGuid = {C27077F6-23B9-4932-8072-837BBA038980}
	EndGlobalSection
EndGlobal
